{
  "version": 4,
  "terraform_version": "1.15.5",
  "serial": 23,
  "lineage": "69ab268f-6004-a530-2019-5678f7a2c99b",
  "outputs": {
    "cluster_endpoint": {
      "value": "https://173EADBF6CCEDC6C7853BBA35652A697.gr7.us-east-1.eks.amazonaws.com",
      "type": "string"
    },
    "cluster_name": {
      "value": "techchallenge",
      "type": "string"
    },
    "database_endpoint": {
      "value": "techchallenge-sqlserver.ctwb99xc7935.us-east-1.rds.amazonaws.com:1433",
      "type": "string"
    },
    "database_username": {
      "value": "dbadmin",
      "type": "string",
      "sensitive": true
    },
    "ecr_repository_url": {
      "value": "051886849421.dkr.ecr.us-east-1.amazonaws.com/techchallenger",
      "type": "string"
    }
  },
  "resources": [
    {
      "mode": "data",
      "type": "aws_availability_zones",
      "name": "available",
      "provider": "provider[\"registry.terraform.io/hashicorp/aws\"]",
      "instances": [
        {
          "schema_version": 0,
          "attributes": {
            "all_availability_zones": null,
            "exclude_names": null,
            "exclude_zone_ids": null,
            "filter": null,
            "group_names": [
              "us-east-1-zg-1"
            ],
            "id": "us-east-1",
            "names": [
              "us-east-1a",
              "us-east-1b",
              "us-east-1c",
              "us-east-1d",
              "us-east-1e",
              "us-east-1f"
            ],
            "state": "available",
            "timeouts": null,
            "zone_ids": [
              "use1-az2",
              "use1-az4",
              "use1-az6",
              "use1-az1",
              "use1-az3",
              "use1-az5"
            ]
          },
          "sensitive_attributes": [],
          "identity_schema_version": 0
        }
      ]
    },
    {
      "mode": "data",
      "type": "aws_eks_cluster_auth",
      "name": "cluster",
      "provider": "provider[\"registry.terraform.io/hashicorp/aws\"]",
      "instances": [
        {
          "schema_version": 0,
          "attributes": {
            "id": "techchallenge",
            "name": "techchallenge",
            "token": "k8s-aws-v1.aHR0cHM6Ly9zdHMudXMtZWFzdC0xLmFtYXpvbmF3cy5jb20vP0FjdGlvbj1HZXRDYWxsZXJJZGVudGl0eSZWZXJzaW9uPTIwMTEtMDYtMTUmWC1BbXotQWxnb3JpdGhtPUFXUzQtSE1BQy1TSEEyNTYmWC1BbXotQ3JlZGVudGlhbD1BU0lBUVlGRlNQV0dWNVNISEVJTiUyRjIwMjYwNzEyJTJGdXMtZWFzdC0xJTJGc3RzJTJGYXdzNF9yZXF1ZXN0JlgtQW16LURhdGU9MjAyNjA3MTJUMjM0MTUwWiZYLUFtei1FeHBpcmVzPTAmWC1BbXotU2VjdXJpdHktVG9rZW49SVFvSmIzSnBaMmx1WDJWakVDY2FDWFZ6TFhkbGMzUXRNaUpITUVVQ0lRRHM2VnVqUjFjSGM2VmJqTkpwZ2lNWjVCaExCMDdiNEM1MEhWMHFZdUREZFFJZ0JEUFg3Sjc2VUt3UnR4MmVsS1c3U1I0Nk42aFpaaVhtTEJLMFRiczN5RFVxdUFJSThQJTJGJTJGJTJGJTJGJTJGJTJGJTJGJTJGJTJGJTJGQVJBQkdnd3dOVEU0T0RZNE5EazBNakVpRE1DRW9YMlkydCUyQmN0Wmd4eENxTUFsRjNlYUdGeWVESldIZEdvVTBCVXQxJTJCJTJGdHNXJTJCc1AxSTVaWTg3bmR2TmtVYUxVZEh6TkxrVmRRRjZRWlpSU3VzQzY1WCUyQks4UGZYWmZpYnl6TmVMWWNxdlROZnR4WE1OdWZCNlVsb1hINU4zaFdEWFNlVDl4RDBEMVVDcElmaU1aUG5IQTlHMlkwOE9jMnhBTUdBJTJCZElXJTJCeCUyRjglMkJScjBtVjZmUWxKV3E0WHFGNmIwZmVNcHRzM093cjM1NkhaSCUyRnRJU0NRZnBBVElYWlh0OFVJOGVvRW4yMzduWlQwalFMUTdJNGRUdWFOYTV4eVJPVm01JTJGRnUwZSUyQkR4TkYyVmFSaXRzayUyQnBGbWtJc3lTeEpjSXJvVXVlQU44Ukh6V05NZyUyRkFpdFRpMFNJTVJiOTVrQm4zM0prV1YySnpXJTJCJTJGVGJqTG5VN3pVRlRYdDJVbGVqaGNWNUlGa3lGZU9mcjdqQVQ2eklmR1lVd2thZlEwZ1k2blFHT29DbmoxR0lRM2FuWjVIJTJCTmtYcTAzVnZMbiUyRlE4OXE1ZGxqWjhMSm1JTjh6STdUTHVjRlB0ZU13eCUyRmhwREU4VTBwNDF0SSUyQkl3c1pjV0lEMWZTTklGN1RybHpDTEJ5RWNJSjJiWms0Q2FnQVRiQ3lFSHRtaXlzaWFlWGVhR1hGTXE0dGM2eXZIV1VaJTJCdzNPV1V5YWVXUFcxZjBIQTZYajlyYlB6bGFaa2Q1VHFiOGFYcHc4MUE3bmMyQVlFSUQyb29iMkZwZ1ROckxKT0dGb2lJJlgtQW16LVNpZ25lZEhlYWRlcnM9aG9zdCUzQngtazhzLWF3cy1pZCZYLUFtei1TaWduYXR1cmU9NTcyOTYyZDM1NWFjYWUyYWM2NTQ0ODhmYjAwYzJhOThkN2RjYjExY2QwYzJhZTQwNmUzOWJmZDkzZDE3NThjMg"
          },
          "sensitive_attributes": [
            [
              {
                "type": "get_attr",
                "value": "token"
              }
            ]
          ],
          "identity_schema_version": 0
        }
      ]
    },
    {
      "mode": "data",
      "type": "aws_iam_role",
      "name": "lab_role",
      "provider": "provider[\"registry.terraform.io/hashicorp/aws\"]",
      "instances": [
        {
          "schema_version": 0,
          "attributes": {
            "arn": "arn:aws:iam::051886849421:role/LabRole",
            "assume_role_policy": "{\"Version\":\"2012-10-17\",\"Statement\":[{\"Effect\":\"Allow\",\"Principal\":{\"AWS\":\"arn:aws:iam::051886849421:role/LabRole\",\"Service\":[\"elasticbeanstalk.amazonaws.com\",\"athena.amazonaws.com\",\"ecs.amazonaws.com\",\"redshift.amazonaws.com\",\"cloudformation.amazonaws.com\",\"elasticmapreduce.amazonaws.com\",\"s3.amazonaws.com\",\"batch.amazonaws.com\",\"deepracer.amazonaws.com\",\"codewhisperer.amazonaws.com\",\"secretsmanager.amazonaws.com\",\"scheduler.amazonaws.com\",\"cognito-idp.amazonaws.com\",\"resource-groups.amazonaws.com\",\"eks-fargate-pods.amazonaws.com\",\"autoscaling.amazonaws.com\",\"sagemaker.amazonaws.com\",\"ssm.amazonaws.com\",\"kms.amazonaws.com\",\"eks.amazonaws.com\",\"forecast.amazonaws.com\",\"kinesis.amazonaws.com\",\"ec2.amazonaws.com\",\"codedeploy.amazonaws.com\",\"ec2.application-autoscaling.amazonaws.com\",\"apigateway.amazonaws.com\",\"sqs.amazonaws.com\",\"rekognition.amazonaws.com\",\"lambda.amazonaws.com\",\"application-autoscaling.amazonaws.com\",\"codecommit.amazonaws.com\",\"sns.amazonaws.com\",\"iotanalytics.amazonaws.com\",\"elasticfilesystem.amazonaws.com\",\"iot.amazonaws.com\",\"ecs-tasks.amazonaws.com\",\"elasticloadbalancing.amazonaws.com\",\"databrew.amazonaws.com\",\"dynamodb.amazonaws.com\",\"rds.amazonaws.com\",\"servicecatalog.amazonaws.com\",\"credentials.iot.amazonaws.com\",\"backup.amazonaws.com\",\"kinesisanalytics.amazonaws.com\",\"pipes.amazonaws.com\",\"cloud9.amazonaws.com\",\"glue.amazonaws.com\",\"cloudtrail.amazonaws.com\",\"events.amazonaws.com\",\"states.amazonaws.com\",\"firehose.amazonaws.com\",\"iotevents.amazonaws.com\",\"logs.amazonaws.com\"]},\"Action\":\"sts:AssumeRole\"}]}",
            "create_date": "2026-07-04T01:44:32Z",
            "description": "",
            "id": "LabRole",
            "max_session_duration": 3600,
            "name": "LabRole",
            "path": "/",
            "permissions_boundary": "",
            "role_last_used": [
              {
                "last_used_date": "2026-07-12T23:35:42Z",
                "region": "us-east-1"
              }
            ],
            "tags": {
              "cloudlab": "c213429a5396203l15765845t1w051886849421"
            },
            "unique_id": "AROAQYFFSPWG4I4DN4FLB"
          },
          "sensitive_attributes": [],
          "identity_schema_version": 0
        }
      ]
    },
    {
      "mode": "managed",
      "type": "aws_db_instance",
      "name": "sqlserver",
      "provider": "provider[\"registry.terraform.io/hashicorp/aws\"]",
      "instances": [
        {
          "schema_version": 2,
          "attributes": {
            "address": "techchallenge-sqlserver.ctwb99xc7935.us-east-1.rds.amazonaws.com",
            "allocated_storage": 20,
            "allow_major_version_upgrade": null,
            "apply_immediately": false,
            "arn": "arn:aws:rds:us-east-1:051886849421:db:techchallenge-sqlserver",
            "auto_minor_version_upgrade": true,
            "availability_zone": "us-east-1b",
            "backup_retention_period": 7,
            "backup_target": "region",
            "backup_window": "09:31-10:01",
            "blue_green_update": [],
            "ca_cert_identifier": "rds-ca-rsa2048-g1",
            "character_set_name": "SQL_Latin1_General_CP1_CI_AS",
            "copy_tags_to_snapshot": false,
            "custom_iam_instance_profile": "",
            "customer_owned_ip_enabled": false,
            "database_insights_mode": "standard",
            "db_name": "",
            "db_subnet_group_name": "techchallenge-db-subnet-group-public",
            "dedicated_log_volume": false,
            "delete_automated_backups": true,
            "deletion_protection": false,
            "domain": "",
            "domain_auth_secret_arn": "",
            "domain_dns_ips": [],
            "domain_fqdn": "",
            "domain_iam_role_name": "",
            "domain_ou": "",
            "enabled_cloudwatch_logs_exports": [],
            "endpoint": "techchallenge-sqlserver.ctwb99xc7935.us-east-1.rds.amazonaws.com:1433",
            "engine": "sqlserver-ex",
            "engine_lifecycle_support": "",
            "engine_version": "15.00",
            "engine_version_actual": "15.00.4470.1.v1",
            "final_snapshot_identifier": null,
            "hosted_zone_id": "Z2R2ITUGPM61AM",
            "iam_database_authentication_enabled": false,
            "id": "db-33X4WMPBTOK5PZM4AZVTR3BBDU",
            "identifier": "techchallenge-sqlserver",
            "identifier_prefix": "",
            "instance_class": "db.t3.small",
            "iops": 3000,
            "kms_key_id": "",
            "latest_restorable_time": "2026-07-12T23:35:01Z",
            "license_model": "license-included",
            "listener_endpoint": [],
            "maintenance_window": "sat:10:30-sat:11:00",
            "manage_master_user_password": null,
            "master_user_secret": [],
            "master_user_secret_kms_key_id": null,
            "max_allocated_storage": 0,
            "monitoring_interval": 0,
            "monitoring_role_arn": "",
            "multi_az": false,
            "nchar_character_set_name": "",
            "network_type": "IPV4",
            "option_group_name": "default:sqlserver-ex-15-00",
            "parameter_group_name": "default.sqlserver-ex-15.0",
            "password": "SuaSenhaForte123!",
            "password_wo": null,
            "password_wo_version": null,
            "performance_insights_enabled": false,
            "performance_insights_kms_key_id": "",
            "performance_insights_retention_period": 0,
            "port": 1433,
            "publicly_accessible": true,
            "replica_mode": "",
            "replicas": [],
            "replicate_source_db": "",
            "resource_id": "db-33X4WMPBTOK5PZM4AZVTR3BBDU",
            "restore_to_point_in_time": [],
            "s3_import": [],
            "skip_final_snapshot": true,
            "snapshot_identifier": null,
            "status": "available",
            "storage_encrypted": false,
            "storage_throughput": 125,
            "storage_type": "gp3",
            "tags": {
              "Name": "techchallenge-sqlserver"
            },
            "tags_all": {
              "Name": "techchallenge-sqlserver"
            },
            "timeouts": null,
            "timezone": "",
            "upgrade_storage_config": null,
            "username": "dbadmin",
            "vpc_security_group_ids": [
              "sg-06d8a4ffce75f818b"
            ]
          },
          "sensitive_attributes": [
            [
              {
                "type": "get_attr",
                "value": "password"
              }
            ],
            [
              {
                "type": "get_attr",
                "value": "password_wo"
              }
            ]
          ],
          "identity_schema_version": 0,
          "private": "eyJlMmJmYjczMC1lY2FhLTExZTYtOGY4OC0zNDM2M2JjN2M0YzAiOnsiY3JlYXRlIjozMDAwMDAwMDAwMDAwLCJkZWxldGUiOjM2MDAwMDAwMDAwMDAsInVwZGF0ZSI6NDgwMDAwMDAwMDAwMH0sInNjaGVtYV92ZXJzaW9uIjoiMiJ9",
          "dependencies": [
            "aws_db_subnet_group.sqlserver_public",
            "aws_security_group.eks_nodes",
            "aws_security_group.sqlserver",
            "aws_subnet.public",
            "aws_vpc.main",
            "data.aws_availability_zones.available"
          ]
        }
      ]
    },
    {
      "mode": "managed",
      "type": "aws_db_subnet_group",
      "name": "sqlserver",
      "provider": "provider[\"registry.terraform.io/hashicorp/aws\"]",
      "instances": [
        {
          "schema_version": 0,
          "attributes": {
            "arn": "arn:aws:rds:us-east-1:051886849421:subgrp:techchallenge-db-subnet-group",
            "description": "Managed by Terraform",
            "id": "techchallenge-db-subnet-group",
            "name": "techchallenge-db-subnet-group",
            "name_prefix": "",
            "subnet_ids": [
              "subnet-05d258c67f90cdb43",
              "subnet-0c2bce1ebc56359cc"
            ],
            "supported_network_types": [
              "IPV4"
            ],
            "tags": {
              "Name": "techchallenge-db-subnet-group"
            },
            "tags_all": {
              "Name": "techchallenge-db-subnet-group"
            },
            "vpc_id": "vpc-059e11e8a8a90a79f"
          },
          "sensitive_attributes": [],
          "identity_schema_version": 0,
          "private": "bnVsbA==",
          "dependencies": [
            "aws_subnet.private",
            "aws_vpc.main",
            "data.aws_availability_zones.available"
          ]
        }
      ]
    },
    {
      "mode": "managed",
      "type": "aws_db_subnet_group",
      "name": "sqlserver_public",
      "provider": "provider[\"registry.terraform.io/hashicorp/aws\"]",
      "instances": [
        {
          "schema_version": 0,
          "attributes": {
            "arn": "arn:aws:rds:us-east-1:051886849421:subgrp:techchallenge-db-subnet-group-public",
            "description": "Managed by Terraform",
            "id": "techchallenge-db-subnet-group-public",
            "name": "techchallenge-db-subnet-group-public",
            "name_prefix": "",
            "subnet_ids": [
              "subnet-09aecc332c59131e0",
              "subnet-0c615a7c4a48c0cce"
            ],
            "supported_network_types": [
              "IPV4"
            ],
            "tags": {
              "Name": "techchallenge-db-subnet-group-public"
            },
            "tags_all": {
              "Name": "techchallenge-db-subnet-group-public"
            },
            "vpc_id": "vpc-059e11e8a8a90a79f"
          },
          "sensitive_attributes": [],
          "identity_schema_version": 0,
          "private": "bnVsbA==",
          "dependencies": [
            "aws_subnet.public",
            "aws_vpc.main",
            "data.aws_availability_zones.available"
          ]
        }
      ]
    },
    {
      "mode": "managed",
      "type": "aws_ecr_lifecycle_policy",
      "name": "app",
      "provider": "provider[\"registry.terraform.io/hashicorp/aws\"]",
      "instances": [
        {
          "schema_version": 0,
          "attributes": {
            "id": "techchallenger",
            "policy": "{\"rules\":[{\"action\":{\"type\":\"expire\"},\"description\":\"Manter apenas as 10 imagens mais recentes\",\"rulePriority\":1,\"selection\":{\"countNumber\":10,\"countType\":\"imageCountMoreThan\",\"tagStatus\":\"any\"}}]}",
            "registry_id": "051886849421",
            "repository": "techchallenger"
          },
          "sensitive_attributes": [],
          "identity_schema_version": 0,
          "private": "bnVsbA==",
          "dependencies": [
            "aws_ecr_repository.app"
          ]
        }
      ]
    },
    {
      "mode": "managed",
      "type": "aws_ecr_repository",
      "name": "app",
      "provider": "provider[\"registry.terraform.io/hashicorp/aws\"]",
      "instances": [
        {
          "schema_version": 0,
          "attributes": {
            "arn": "arn:aws:ecr:us-east-1:051886849421:repository/techchallenger",
            "encryption_configuration": [
              {
                "encryption_type": "AES256",
                "kms_key": ""
              }
            ],
            "force_delete": true,
            "id": "techchallenger",
            "image_scanning_configuration": [
              {
                "scan_on_push": true
              }
            ],
            "image_tag_mutability": "MUTABLE",
            "name": "techchallenger",
            "registry_id": "051886849421",
            "repository_url": "051886849421.dkr.ecr.us-east-1.amazonaws.com/techchallenger",
            "tags": {
              "Name": "techchallenge-ecr"
            },
            "tags_all": {
              "Name": "techchallenge-ecr"
            },
            "timeouts": null
          },
          "sensitive_attributes": [],
          "identity_schema_version": 0,
          "private": "eyJlMmJmYjczMC1lY2FhLTExZTYtOGY4OC0zNDM2M2JjN2M0YzAiOnsiZGVsZXRlIjoxMjAwMDAwMDAwMDAwfX0="
        }
      ]
    },
    {
      "mode": "managed",
      "type": "aws_eks_cluster",
      "name": "cluster",
      "provider": "provider[\"registry.terraform.io/hashicorp/aws\"]",
      "instances": [
        {
          "schema_version": 1,
          "attributes": {
            "access_config": [
              {
                "authentication_mode": "CONFIG_MAP",
                "bootstrap_cluster_creator_admin_permissions": true
              }
            ],
            "arn": "arn:aws:eks:us-east-1:051886849421:cluster/techchallenge",
            "bootstrap_self_managed_addons": true,
            "certificate_authority": [
              {
                "data": "LS0tLS1CRUdJTiBDRVJUSUZJQ0FURS0tLS0tCk1JSURCVENDQWUyZ0F3SUJBZ0lJSTczc2JvUHdEWGt3RFFZSktvWklodmNOQVFFTEJRQXdGVEVUTUJFR0ExVUUKQXhNS2EzVmlaWEp1WlhSbGN6QWVGdzB5TmpBM01USXlNekExTVRsYUZ3MHpOakEzTURreU16RXdNVGxhTUJVeApFekFSQmdOVkJBTVRDbXQxWW1WeWJtVjBaWE13Z2dFaU1BMEdDU3FHU0liM0RRRUJBUVVBQTRJQkR3QXdnZ0VLCkFvSUJBUUMzWGFWU3R6WExpY3R5a2dYdUFzVzBwV2ZvY3VuL2pEa1phaHZCNXhpdEtFZjFoRThkeUFmMGpZMlIKejdDSGlZTDFvaFNBMzJ1WW5GZEZNTElDd0p3dTlhTkg2N0JpZEhOcmFCM0lDZFIxSVJqb2NIRUoxcTIzQlJ6OAptMnJxTDJBc2tnQ3YzUlFZd3NmOThMdnhUN3Q1VFdITksvMXR2cVlDVTBDSmJrUUx4Qlgzczl3eVJtTnEyZkRYCko5NGcvTUY5THUrak9RdEVWN0s5STdESHpvQTdwaUZUY2NRZVNmNW9MSG9BQ1liLzNyZEZyNkNacHduK2RFblIKU0VaZFBVM2toVmtPamd2MC9yeTVSR3Q2TU50NGc3b3lhS3RIU0N6OS9pWDBGL1lTaDBTTlAzTnI3NGJJQ1NzQgp6WWJvR2RvRmh1TVowTmJGUTFMOTVObWN3OGJkQWdNQkFBR2pXVEJYTUE0R0ExVWREd0VCL3dRRUF3SUNwREFQCkJnTlZIUk1CQWY4RUJUQURBUUgvTUIwR0ExVWREZ1FXQkJUTmQxVllKa0ZCdkxyVmcyeUoxblFTODBuQ3FqQVYKQmdOVkhSRUVEakFNZ2dwcmRXSmxjbTVsZEdWek1BMEdDU3FHU0liM0RRRUJDd1VBQTRJQkFRQ3VoQWtHVFl5RApqbHFtVjJZNHpYb2s5c01mNHU3cit3R2pRUnhjNnpzUFE0WVRTRTJ1bTByWW9kK1BGSzhEYkNKL0MycFJDM0NtCjR2dmY2dnhqbngzUGxkL1ZabS8wcHQ2OFAvL0JhRnluRitsTEFRejFGZk8xaGdwWFBNYTFJUGxEclFiL1RtbDEKTHNWYXhyK2dFY1JSUkt5N3NYODBBR3RiMjgvSDFmOC8yQWlPN2h5emQ4TDZPSlJaVDNISHlmdnVnZy9lZHB1Tgo5bmw1K2FlYm5TMEozUWVDOEg1a1Jzam9BT09naU9IZ3AyZk9vZ2U4VVdtUHp1OHNsdy9XeUR4TU4zb0hJdVVrCldHMmVydzcyNEgyS2JLRjY5UGdreGk5ZzVsbitXMVVxUkFZYlpUUC9SODhNdXpYTE5oUHdtOFg5S0FDWDhhc3gKSGNmSWFOMjdRNG5ECi0tLS0tRU5EIENFUlRJRklDQVRFLS0tLS0K"
              }
            ],
            "cluster_id": null,
            "compute_config": [],
            "created_at": "2026-07-12T23:04:44Z",
            "enabled_cluster_log_types": [],
            "encryption_config": [],
            "endpoint": "https://173EADBF6CCEDC6C7853BBA35652A697.gr7.us-east-1.eks.amazonaws.com",
            "force_update_version": null,
            "id": "techchallenge",
            "identity": [
              {
                "oidc": [
                  {
                    "issuer": "https://oidc.eks.us-east-1.amazonaws.com/id/173EADBF6CCEDC6C7853BBA35652A697"
                  }
                ]
              }
            ],
            "kubernetes_network_config": [
              {
                "elastic_load_balancing": [
                  {
                    "enabled": false
                  }
                ],
                "ip_family": "ipv4",
                "service_ipv4_cidr": "172.20.0.0/16",
                "service_ipv6_cidr": ""
              }
            ],
            "name": "techchallenge",
            "outpost_config": [],
            "platform_version": "eks.73",
            "remote_network_config": [],
            "role_arn": "arn:aws:iam::051886849421:role/LabRole",
            "status": "ACTIVE",
            "storage_config": [],
            "tags": {
              "Name": "techchallenge"
            },
            "tags_all": {
              "Name": "techchallenge"
            },
            "timeouts": null,
            "upgrade_policy": [
              {
                "support_type": "EXTENDED"
              }
            ],
            "version": "1.30",
            "vpc_config": [
              {
                "cluster_security_group_id": "sg-0c28b524ccca268dc",
                "endpoint_private_access": false,
                "endpoint_public_access": true,
                "public_access_cidrs": [
                  "0.0.0.0/0"
                ],
                "security_group_ids": [
                  "sg-01a375a5833478f4b"
                ],
                "subnet_ids": [
                  "subnet-09aecc332c59131e0",
                  "subnet-0c615a7c4a48c0cce"
                ],
                "vpc_id": "vpc-059e11e8a8a90a79f"
              }
            ],
            "zonal_shift_config": []
          },
          "sensitive_attributes": [],
          "identity_schema_version": 0,
          "private": "eyJlMmJmYjczMC1lY2FhLTExZTYtOGY4OC0zNDM2M2JjN2M0YzAiOnsiY3JlYXRlIjoxODAwMDAwMDAwMDAwLCJkZWxldGUiOjkwMDAwMDAwMDAwMCwidXBkYXRlIjozNjAwMDAwMDAwMDAwfSwic2NoZW1hX3ZlcnNpb24iOiIxIn0=",
          "dependencies": [
            "aws_security_group.eks_nodes",
            "aws_subnet.public",
            "aws_vpc.main",
            "data.aws_availability_zones.available",
            "data.aws_iam_role.lab_role"
          ]
        }
      ]
    },
    {
      "mode": "managed",
      "type": "aws_eks_node_group",
      "name": "nodes",
      "provider": "provider[\"registry.terraform.io/hashicorp/aws\"]",
      "instances": [
        {
          "schema_version": 0,
          "attributes": {
            "ami_type": "AL2023_x86_64_STANDARD",
            "arn": "arn:aws:eks:us-east-1:051886849421:nodegroup/techchallenge/techchallenge-nodes/0acfac4d-2029-914d-21ac-b7cd012fdd36",
            "capacity_type": "ON_DEMAND",
            "cluster_name": "techchallenge",
            "disk_size": 20,
            "force_update_version": null,
            "id": "techchallenge:techchallenge-nodes",
            "instance_types": [
              "t3.medium"
            ],
            "labels": {},
            "launch_template": [],
            "node_group_name": "techchallenge-nodes",
            "node_group_name_prefix": "",
            "node_repair_config": [],
            "node_role_arn": "arn:aws:iam::051886849421:role/LabRole",
            "release_version": "1.30.14-20260709",
            "remote_access": [],
            "resources": [
              {
                "autoscaling_groups": [
                  {
                    "name": "eks-techchallenge-nodes-0acfac4d-2029-914d-21ac-b7cd012fdd36"
                  }
                ],
                "remote_access_security_group_id": ""
              }
            ],
            "scaling_config": [
              {
                "desired_size": 2,
                "max_size": 2,
                "min_size": 1
              }
            ],
            "status": "ACTIVE",
            "subnet_ids": [
              "subnet-09aecc332c59131e0",
              "subnet-0c615a7c4a48c0cce"
            ],
            "tags": {
              "Name": "techchallenge-nodes"
            },
            "tags_all": {
              "Name": "techchallenge-nodes"
            },
            "taint": [],
            "timeouts": null,
            "update_config": [
              {
                "max_unavailable": 1,
                "max_unavailable_percentage": 0
              }
            ],
            "version": "1.30"
          },
          "sensitive_attributes": [],
          "identity_schema_version": 0,
          "private": "eyJlMmJmYjczMC1lY2FhLTExZTYtOGY4OC0zNDM2M2JjN2M0YzAiOnsiY3JlYXRlIjozNjAwMDAwMDAwMDAwLCJkZWxldGUiOjM2MDAwMDAwMDAwMDAsInVwZGF0ZSI6MzYwMDAwMDAwMDAwMH19",
          "dependencies": [
            "aws_eks_cluster.cluster",
            "aws_security_group.eks_nodes",
            "aws_subnet.public",
            "aws_vpc.main",
            "data.aws_availability_zones.available",
            "data.aws_iam_role.lab_role"
          ]
        }
      ]
    },
    {
      "mode": "managed",
      "type": "aws_internet_gateway",
      "name": "main",
      "provider": "provider[\"registry.terraform.io/hashicorp/aws\"]",
      "instances": [
        {
          "schema_version": 0,
          "attributes": {
            "arn": "arn:aws:ec2:us-east-1:051886849421:internet-gateway/igw-03f833e36a3488b8f",
            "id": "igw-03f833e36a3488b8f",
            "owner_id": "051886849421",
            "tags": {
              "Name": "techchallenge-igw"
            },
            "tags_all": {
              "Name": "techchallenge-igw"
            },
            "timeouts": null,
            "vpc_id": "vpc-059e11e8a8a90a79f"
          },
          "sensitive_attributes": [],
          "identity_schema_version": 0,
          "private": "eyJlMmJmYjczMC1lY2FhLTExZTYtOGY4OC0zNDM2M2JjN2M0YzAiOnsiY3JlYXRlIjoxMjAwMDAwMDAwMDAwLCJkZWxldGUiOjEyMDAwMDAwMDAwMDAsInVwZGF0ZSI6MTIwMDAwMDAwMDAwMH19",
          "dependencies": [
            "aws_vpc.main"
          ]
        }
      ]
    },
    {
      "mode": "managed",
      "type": "aws_route_table",
      "name": "public",
      "provider": "provider[\"registry.terraform.io/hashicorp/aws\"]",
      "instances": [
        {
          "schema_version": 0,
          "attributes": {
            "arn": "arn:aws:ec2:us-east-1:051886849421:route-table/rtb-0135cc13ce66f758a",
            "id": "rtb-0135cc13ce66f758a",
            "owner_id": "051886849421",
            "propagating_vgws": [],
            "route": [
              {
                "carrier_gateway_id": "",
                "cidr_block": "0.0.0.0/0",
                "core_network_arn": "",
                "destination_prefix_list_id": "",
                "egress_only_gateway_id": "",
                "gateway_id": "igw-03f833e36a3488b8f",
                "ipv6_cidr_block": "",
                "local_gateway_id": "",
                "nat_gateway_id": "",
                "network_interface_id": "",
                "transit_gateway_id": "",
                "vpc_endpoint_id": "",
                "vpc_peering_connection_id": ""
              }
            ],
            "tags": {
              "Name": "techchallenge-public-rt"
            },
            "tags_all": {
              "Name": "techchallenge-public-rt"
            },
            "timeouts": null,
            "vpc_id": "vpc-059e11e8a8a90a79f"
          },
          "sensitive_attributes": [],
          "identity_schema_version": 0,
          "private": "eyJlMmJmYjczMC1lY2FhLTExZTYtOGY4OC0zNDM2M2JjN2M0YzAiOnsiY3JlYXRlIjozMDAwMDAwMDAwMDAsImRlbGV0ZSI6MzAwMDAwMDAwMDAwLCJ1cGRhdGUiOjEyMDAwMDAwMDAwMH19",
          "dependencies": [
            "aws_internet_gateway.main",
            "aws_vpc.main"
          ]
        }
      ]
    },
    {
      "mode": "managed",
      "type": "aws_route_table_association",
      "name": "public",
      "provider": "provider[\"registry.terraform.io/hashicorp/aws\"]",
      "instances": [
        {
          "index_key": 0,
          "schema_version": 0,
          "attributes": {
            "gateway_id": "",
            "id": "rtbassoc-0550a79746cb1097f",
            "route_table_id": "rtb-0135cc13ce66f758a",
            "subnet_id": "subnet-09aecc332c59131e0",
            "timeouts": null
          },
          "sensitive_attributes": [],
          "identity_schema_version": 0,
          "private": "eyJlMmJmYjczMC1lY2FhLTExZTYtOGY4OC0zNDM2M2JjN2M0YzAiOnsiY3JlYXRlIjozMDAwMDAwMDAwMDAsImRlbGV0ZSI6MzAwMDAwMDAwMDAwLCJ1cGRhdGUiOjEyMDAwMDAwMDAwMH19",
          "dependencies": [
            "aws_internet_gateway.main",
            "aws_route_table.public",
            "aws_subnet.public",
            "aws_vpc.main",
            "data.aws_availability_zones.available"
          ]
        },
        {
          "index_key": 1,
          "schema_version": 0,
          "attributes": {
            "gateway_id": "",
            "id": "rtbassoc-0e01c4499562c9895",
            "route_table_id": "rtb-0135cc13ce66f758a",
            "subnet_id": "subnet-0c615a7c4a48c0cce",
            "timeouts": null
          },
          "sensitive_attributes": [],
          "identity_schema_version": 0,
          "private": "eyJlMmJmYjczMC1lY2FhLTExZTYtOGY4OC0zNDM2M2JjN2M0YzAiOnsiY3JlYXRlIjozMDAwMDAwMDAwMDAsImRlbGV0ZSI6MzAwMDAwMDAwMDAwLCJ1cGRhdGUiOjEyMDAwMDAwMDAwMH19",
          "dependencies": [
            "aws_internet_gateway.main",
            "aws_route_table.public",
            "aws_subnet.public",
            "aws_vpc.main",
            "data.aws_availability_zones.available"
          ]
        }
      ]
    },
    {
      "mode": "managed",
      "type": "aws_security_group",
      "name": "eks_nodes",
      "provider": "provider[\"registry.terraform.io/hashicorp/aws\"]",
      "instances": [
        {
          "schema_version": 1,
          "attributes": {
            "arn": "arn:aws:ec2:us-east-1:051886849421:security-group/sg-01a375a5833478f4b",
            "description": "Managed by Terraform",
            "egress": [
              {
                "cidr_blocks": [
                  "0.0.0.0/0"
                ],
                "description": "",
                "from_port": 0,
                "ipv6_cidr_blocks": [],
                "prefix_list_ids": [],
                "protocol": "-1",
                "security_groups": [],
                "self": false,
                "to_port": 0
              }
            ],
            "id": "sg-01a375a5833478f4b",
            "ingress": [],
            "name": "techchallenge-eks-nodes-20260712230429985800000001",
            "name_prefix": "techchallenge-eks-nodes-",
            "owner_id": "051886849421",
            "revoke_rules_on_delete": false,
            "tags": {
              "Name": "techchallenge-eks-nodes-sg"
            },
            "tags_all": {
              "Name": "techchallenge-eks-nodes-sg"
            },
            "timeouts": null,
            "vpc_id": "vpc-059e11e8a8a90a79f"
          },
          "sensitive_attributes": [],
          "identity_schema_version": 0,
          "private": "eyJlMmJmYjczMC1lY2FhLTExZTYtOGY4OC0zNDM2M2JjN2M0YzAiOnsiY3JlYXRlIjo2MDAwMDAwMDAwMDAsImRlbGV0ZSI6OTAwMDAwMDAwMDAwfSwic2NoZW1hX3ZlcnNpb24iOiIxIn0=",
          "dependencies": [
            "aws_vpc.main"
          ]
        }
      ]
    },
    {
      "mode": "managed",
      "type": "aws_security_group",
      "name": "sqlserver",
      "provider": "provider[\"registry.terraform.io/hashicorp/aws\"]",
      "instances": [
        {
          "schema_version": 1,
          "attributes": {
            "arn": "arn:aws:ec2:us-east-1:051886849421:security-group/sg-06d8a4ffce75f818b",
            "description": "Managed by Terraform",
            "egress": [
              {
                "cidr_blocks": [
                  "0.0.0.0/0"
                ],
                "description": "",
                "from_port": 0,
                "ipv6_cidr_blocks": [],
                "prefix_list_ids": [],
                "protocol": "-1",
                "security_groups": [],
                "self": false,
                "to_port": 0
              }
            ],
            "id": "sg-06d8a4ffce75f818b",
            "ingress": [
              {
                "cidr_blocks": [
                  "179.111.170.52/32"
                ],
                "description": "Acesso temporario via SSMS",
                "from_port": 1433,
                "ipv6_cidr_blocks": [],
                "prefix_list_ids": [],
                "protocol": "tcp",
                "security_groups": [],
                "self": false,
                "to_port": 1433
              },
              {
                "cidr_blocks": [],
                "description": "SQL Server access from EKS nodes",
                "from_port": 1433,
                "ipv6_cidr_blocks": [],
                "prefix_list_ids": [],
                "protocol": "tcp",
                "security_groups": [
                  "sg-01a375a5833478f4b"
                ],
                "self": false,
                "to_port": 1433
              }
            ],
            "name": "techchallenge-sqlserver-20260712230433611600000003",
            "name_prefix": "techchallenge-sqlserver-",
            "owner_id": "051886849421",
            "revoke_rules_on_delete": false,
            "tags": {
              "Name": "techchallenge-sqlserver-sg"
            },
            "tags_all": {
              "Name": "techchallenge-sqlserver-sg"
            },
            "timeouts": null,
            "vpc_id": "vpc-059e11e8a8a90a79f"
          },
          "sensitive_attributes": [],
          "identity_schema_version": 0,
          "private": "eyJlMmJmYjczMC1lY2FhLTExZTYtOGY4OC0zNDM2M2JjN2M0YzAiOnsiY3JlYXRlIjo2MDAwMDAwMDAwMDAsImRlbGV0ZSI6OTAwMDAwMDAwMDAwfSwic2NoZW1hX3ZlcnNpb24iOiIxIn0=",
          "dependencies": [
            "aws_security_group.eks_nodes",
            "aws_vpc.main"
          ]
        }
      ]
    },
    {
      "mode": "managed",
      "type": "aws_subnet",
      "name": "private",
      "provider": "provider[\"registry.terraform.io/hashicorp/aws\"]",
      "instances": [
        {
          "index_key": 0,
          "schema_version": 1,
          "attributes": {
            "arn": "arn:aws:ec2:us-east-1:051886849421:subnet/subnet-05d258c67f90cdb43",
            "assign_ipv6_address_on_creation": false,
            "availability_zone": "us-east-1a",
            "availability_zone_id": "use1-az2",
            "cidr_block": "10.0.11.0/24",
            "customer_owned_ipv4_pool": "",
            "enable_dns64": false,
            "enable_lni_at_device_index": 0,
            "enable_resource_name_dns_a_record_on_launch": false,
            "enable_resource_name_dns_aaaa_record_on_launch": false,
            "id": "subnet-05d258c67f90cdb43",
            "ipv6_cidr_block": "",
            "ipv6_cidr_block_association_id": "",
            "ipv6_native": false,
            "map_customer_owned_ip_on_launch": false,
            "map_public_ip_on_launch": false,
            "outpost_arn": "",
            "owner_id": "051886849421",
            "private_dns_hostname_type_on_launch": "ip-name",
            "tags": {
              "Name": "techchallenge-private-0"
            },
            "tags_all": {
              "Name": "techchallenge-private-0"
            },
            "timeouts": null,
            "vpc_id": "vpc-059e11e8a8a90a79f"
          },
          "sensitive_attributes": [],
          "identity_schema_version": 0,
          "private": "eyJlMmJmYjczMC1lY2FhLTExZTYtOGY4OC0zNDM2M2JjN2M0YzAiOnsiY3JlYXRlIjo2MDAwMDAwMDAwMDAsImRlbGV0ZSI6MTIwMDAwMDAwMDAwMH0sInNjaGVtYV92ZXJzaW9uIjoiMSJ9",
          "dependencies": [
            "aws_vpc.main",
            "data.aws_availability_zones.available"
          ]
        },
        {
          "index_key": 1,
          "schema_version": 1,
          "attributes": {
            "arn": "arn:aws:ec2:us-east-1:051886849421:subnet/subnet-0c2bce1ebc56359cc",
            "assign_ipv6_address_on_creation": false,
            "availability_zone": "us-east-1b",
            "availability_zone_id": "use1-az4",
            "cidr_block": "10.0.12.0/24",
            "customer_owned_ipv4_pool": "",
            "enable_dns64": false,
            "enable_lni_at_device_index": 0,
            "enable_resource_name_dns_a_record_on_launch": false,
            "enable_resource_name_dns_aaaa_record_on_launch": false,
            "id": "subnet-0c2bce1ebc56359cc",
            "ipv6_cidr_block": "",
            "ipv6_cidr_block_association_id": "",
            "ipv6_native": false,
            "map_customer_owned_ip_on_launch": false,
            "map_public_ip_on_launch": false,
            "outpost_arn": "",
            "owner_id": "051886849421",
            "private_dns_hostname_type_on_launch": "ip-name",
            "tags": {
              "Name": "techchallenge-private-1"
            },
            "tags_all": {
              "Name": "techchallenge-private-1"
            },
            "timeouts": null,
            "vpc_id": "vpc-059e11e8a8a90a79f"
          },
          "sensitive_attributes": [],
          "identity_schema_version": 0,
          "private": "eyJlMmJmYjczMC1lY2FhLTExZTYtOGY4OC0zNDM2M2JjN2M0YzAiOnsiY3JlYXRlIjo2MDAwMDAwMDAwMDAsImRlbGV0ZSI6MTIwMDAwMDAwMDAwMH0sInNjaGVtYV92ZXJzaW9uIjoiMSJ9",
          "dependencies": [
            "aws_vpc.main",
            "data.aws_availability_zones.available"
          ]
        }
      ]
    },
    {
      "mode": "managed",
      "type": "aws_subnet",
      "name": "public",
      "provider": "provider[\"registry.terraform.io/hashicorp/aws\"]",
      "instances": [
        {
          "index_key": 0,
          "schema_version": 1,
          "attributes": {
            "arn": "arn:aws:ec2:us-east-1:051886849421:subnet/subnet-09aecc332c59131e0",
            "assign_ipv6_address_on_creation": false,
            "availability_zone": "us-east-1a",
            "availability_zone_id": "use1-az2",
            "cidr_block": "10.0.1.0/24",
            "customer_owned_ipv4_pool": "",
            "enable_dns64": false,
            "enable_lni_at_device_index": 0,
            "enable_resource_name_dns_a_record_on_launch": false,
            "enable_resource_name_dns_aaaa_record_on_launch": false,
            "id": "subnet-09aecc332c59131e0",
            "ipv6_cidr_block": "",
            "ipv6_cidr_block_association_id": "",
            "ipv6_native": false,
            "map_customer_owned_ip_on_launch": false,
            "map_public_ip_on_launch": true,
            "outpost_arn": "",
            "owner_id": "051886849421",
            "private_dns_hostname_type_on_launch": "ip-name",
            "tags": {
              "Name": "techchallenge-public-0",
              "kubernetes.io/cluster/techchallenge": "shared",
              "kubernetes.io/role/elb": "1"
            },
            "tags_all": {
              "Name": "techchallenge-public-0",
              "kubernetes.io/cluster/techchallenge": "shared",
              "kubernetes.io/role/elb": "1"
            },
            "timeouts": null,
            "vpc_id": "vpc-059e11e8a8a90a79f"
          },
          "sensitive_attributes": [],
          "identity_schema_version": 0,
          "private": "eyJlMmJmYjczMC1lY2FhLTExZTYtOGY4OC0zNDM2M2JjN2M0YzAiOnsiY3JlYXRlIjo2MDAwMDAwMDAwMDAsImRlbGV0ZSI6MTIwMDAwMDAwMDAwMH0sInNjaGVtYV92ZXJzaW9uIjoiMSJ9",
          "dependencies": [
            "aws_vpc.main",
            "data.aws_availability_zones.available"
          ]
        },
        {
          "index_key": 1,
          "schema_version": 1,
          "attributes": {
            "arn": "arn:aws:ec2:us-east-1:051886849421:subnet/subnet-0c615a7c4a48c0cce",
            "assign_ipv6_address_on_creation": false,
            "availability_zone": "us-east-1b",
            "availability_zone_id": "use1-az4",
            "cidr_block": "10.0.2.0/24",
            "customer_owned_ipv4_pool": "",
            "enable_dns64": false,
            "enable_lni_at_device_index": 0,
            "enable_resource_name_dns_a_record_on_launch": false,
            "enable_resource_name_dns_aaaa_record_on_launch": false,
            "id": "subnet-0c615a7c4a48c0cce",
            "ipv6_cidr_block": "",
            "ipv6_cidr_block_association_id": "",
            "ipv6_native": false,
            "map_customer_owned_ip_on_launch": false,
            "map_public_ip_on_launch": true,
            "outpost_arn": "",
            "owner_id": "051886849421",
            "private_dns_hostname_type_on_launch": "ip-name",
            "tags": {
              "Name": "techchallenge-public-1",
              "kubernetes.io/cluster/techchallenge": "shared",
              "kubernetes.io/role/elb": "1"
            },
            "tags_all": {
              "Name": "techchallenge-public-1",
              "kubernetes.io/cluster/techchallenge": "shared",
              "kubernetes.io/role/elb": "1"
            },
            "timeouts": null,
            "vpc_id": "vpc-059e11e8a8a90a79f"
          },
          "sensitive_attributes": [],
          "identity_schema_version": 0,
          "private": "eyJlMmJmYjczMC1lY2FhLTExZTYtOGY4OC0zNDM2M2JjN2M0YzAiOnsiY3JlYXRlIjo2MDAwMDAwMDAwMDAsImRlbGV0ZSI6MTIwMDAwMDAwMDAwMH0sInNjaGVtYV92ZXJzaW9uIjoiMSJ9",
          "dependencies": [
            "aws_vpc.main",
            "data.aws_availability_zones.available"
          ]
        }
      ]
    },
    {
      "mode": "managed",
      "type": "aws_vpc",
      "name": "main",
      "provider": "provider[\"registry.terraform.io/hashicorp/aws\"]",
      "instances": [
        {
          "schema_version": 1,
          "attributes": {
            "arn": "arn:aws:ec2:us-east-1:051886849421:vpc/vpc-059e11e8a8a90a79f",
            "assign_generated_ipv6_cidr_block": false,
            "cidr_block": "10.0.0.0/16",
            "default_network_acl_id": "acl-0fe329a1ebd0df1e6",
            "default_route_table_id": "rtb-076d4d78ee3d2db48",
            "default_security_group_id": "sg-0d708508c1c89072e",
            "dhcp_options_id": "dopt-0fe8b66fb1c233f10",
            "enable_dns_hostnames": true,
            "enable_dns_support": true,
            "enable_network_address_usage_metrics": false,
            "id": "vpc-059e11e8a8a90a79f",
            "instance_tenancy": "default",
            "ipv4_ipam_pool_id": null,
            "ipv4_netmask_length": null,
            "ipv6_association_id": "",
            "ipv6_cidr_block": "",
            "ipv6_cidr_block_network_border_group": "",
            "ipv6_ipam_pool_id": "",
            "ipv6_netmask_length": 0,
            "main_route_table_id": "rtb-076d4d78ee3d2db48",
            "owner_id": "051886849421",
            "tags": {
              "Name": "techchallenge-vpc"
            },
            "tags_all": {
              "Name": "techchallenge-vpc"
            }
          },
          "sensitive_attributes": [],
          "identity_schema_version": 0,
          "private": "eyJzY2hlbWFfdmVyc2lvbiI6IjEifQ=="
        }
      ]
    },
    {
      "mode": "managed",
      "type": "helm_release",
      "name": "metrics_server",
      "provider": "provider[\"registry.terraform.io/hashicorp/helm\"]",
      "instances": [
        {
          "schema_version": 1,
          "attributes": {
            "atomic": false,
            "chart": "metrics-server",
            "cleanup_on_fail": false,
            "create_namespace": false,
            "dependency_update": false,
            "description": null,
            "devel": null,
            "disable_crd_hooks": false,
            "disable_openapi_validation": false,
            "disable_webhooks": false,
            "force_update": false,
            "id": "metrics-server",
            "keyring": null,
            "lint": false,
            "manifest": null,
            "max_history": 0,
            "metadata": [
              {
                "app_version": "0.8.1",
                "chart": "metrics-server",
                "first_deployed": 1783898104,
                "last_deployed": 1783898104,
                "name": "metrics-server",
                "namespace": "kube-system",
                "notes": "***********************************************************************\n* Metrics Server                                                      *\n***********************************************************************\n  Chart version: 3.13.1\n  App version:   0.8.1\n  Image tag:     registry.k8s.io/metrics-server/metrics-server:v0.8.1\n***********************************************************************\n",
                "revision": 1,
                "values": "{\"args\":[\"--kubelet-insecure-tls\"]}",
                "version": "3.13.1"
              }
            ],
            "name": "metrics-server",
            "namespace": "kube-system",
            "pass_credentials": false,
            "postrender": [],
            "recreate_pods": false,
            "render_subchart_notes": true,
            "replace": false,
            "repository": "https://kubernetes-sigs.github.io/metrics-server/",
            "repository_ca_file": null,
            "repository_cert_file": null,
            "repository_key_file": null,
            "repository_password": null,
            "repository_username": null,
            "reset_values": false,
            "reuse_values": false,
            "set": [
              {
                "name": "args[0]",
                "type": "",
                "value": "--kubelet-insecure-tls"
              }
            ],
            "set_list": [],
            "set_sensitive": [],
            "skip_crds": false,
            "status": "deployed",
            "timeout": 300,
            "upgrade_install": null,
            "values": null,
            "verify": false,
            "version": "3.13.1",
            "wait": true,
            "wait_for_jobs": false
          },
          "sensitive_attributes": [
            [
              {
                "type": "get_attr",
                "value": "repository_password"
              }
            ]
          ],
          "identity_schema_version": 0,
          "private": "eyJzY2hlbWFfdmVyc2lvbiI6IjEifQ==",
          "dependencies": [
            "aws_eks_cluster.cluster",
            "aws_eks_node_group.nodes",
            "aws_security_group.eks_nodes",
            "aws_subnet.public",
            "aws_vpc.main",
            "data.aws_availability_zones.available",
            "data.aws_eks_cluster_auth.cluster",
            "data.aws_iam_role.lab_role"
          ]
        }
      ]
    }
  ],
  "check_results": [
    {
      "object_kind": "var",
      "config_addr": "var.db_password",
      "status": "pass",
      "objects": [
        {
          "object_addr": "var.db_password",
          "status": "pass"
        }
      ]
    }
  ]
}
